
Microsoft Visual Studio Solution File, Format Version 12.00
# Visual Studio 2013
VisualStudioVersion = 12.0.31101.0
MinimumVisualStudioVersion = 10.0.40219.1
Project("{D2ABAB84-BF74-430A-B69E-9DC6D40DDA17}") = "BIProjet", "BIProjet\BIProjet.dwproj", "{E8C88A73-CD50-4A8E-ADA1-DB0F44A9C8D2}"
EndProject
Global
	GlobalSection(SolutionConfigurationPlatforms) = preSolution
		Development|Default = Development|Default
	EndGlobalSection
	GlobalSection(ProjectConfigurationPlatforms) = postSolution
		{E8C88A73-CD50-4A8E-ADA1-DB0F44A9C8D2}.Development|Default.ActiveCfg = Development
		{E8C88A73-CD50-4A8E-ADA1-DB0F44A9C8D2}.Development|Default.Build.0 = Development
		{E8C88A73-CD50-4A8E-ADA1-DB0F44A9C8D2}.Development|Default.Deploy.0 = Development
	EndGlobalSection
	GlobalSection(SolutionProperties) = preSolution
		HideSolutionNode = FALSE
	EndGlobalSection
EndGlobal
